
Microsoft Visual Studio Solution File, Format Version 12.00
# Visual Studio Version 17
VisualStudioVersion = 17.2.32505.173
MinimumVisualStudioVersion = 10.0.40219.1
Project("{FAE04EC0-301F-11D3-BF4B-00C04F79EFBC}") = "WinFormProductoProgll", "ProyectoProgramación\WinFormProductoProgll.csproj", "{23621942-19DE-4359-AEB8-84392BF069E3}"
EndProject
Project("{FAE04EC0-301F-11D3-BF4B-00C04F79EFBC}") = "Entidades", "Entidades\Entidades.csproj", "{4DF01B55-BACD-47C7-BDF6-7C22FE383C75}"
EndProject
Global
	GlobalSection(SolutionConfigurationPlatforms) = preSolution
		Debug|Any CPU = Debug|Any CPU
		Release|Any CPU = Release|Any CPU
	EndGlobalSection
	GlobalSection(ProjectConfigurationPlatforms) = postSolution
		{23621942-19DE-4359-AEB8-84392BF069E3}.Debug|Any CPU.ActiveCfg = Debug|Any CPU
		{23621942-19DE-4359-AEB8-84392BF069E3}.Debug|Any CPU.Build.0 = Debug|Any CPU
		{23621942-19DE-4359-AEB8-84392BF069E3}.Release|Any CPU.ActiveCfg = Release|Any CPU
		{23621942-19DE-4359-AEB8-84392BF069E3}.Release|Any CPU.Build.0 = Release|Any CPU
		{4DF01B55-BACD-47C7-BDF6-7C22FE383C75}.Debug|Any CPU.ActiveCfg = Debug|Any CPU
		{4DF01B55-BACD-47C7-BDF6-7C22FE383C75}.Debug|Any CPU.Build.0 = Debug|Any CPU
		{4DF01B55-BACD-47C7-BDF6-7C22FE383C75}.Release|Any CPU.ActiveCfg = Release|Any CPU
		{4DF01B55-BACD-47C7-BDF6-7C22FE383C75}.Release|Any CPU.Build.0 = Release|Any CPU
	EndGlobalSection
	GlobalSection(SolutionProperties) = preSolution
		HideSolutionNode = FALSE
	EndGlobalSection
	GlobalSection(ExtensibilityGlobals) = postSolution
		SolutionGuid = {4A96B6F9-43B7-4DC5-A7A9-FF61C10253EE}
	EndGlobalSection
EndGlobal
